
Microsoft Visual Studio Solution File, Format Version 12.00
# Visual Studio Version 17
VisualStudioVersion = 17.11.35219.272
MinimumVisualStudioVersion = 10.0.40219.1
Project("{888888A0-9F3D-457C-B088-3A5042F75D52}") = "Analysis and Comparison", "Analysis and Comparison\Analysis and Comparison.pyproj", "{9937D40C-4C55-4F86-8CA8-C35E9EEE66C9}"
EndProject
Global
	GlobalSection(SolutionConfigurationPlatforms) = preSolution
		Debug|Any CPU = Debug|Any CPU
		Release|Any CPU = Release|Any CPU
	EndGlobalSection
	GlobalSection(ProjectConfigurationPlatforms) = postSolution
		{9937D40C-4C55-4F86-8CA8-C35E9EEE66C9}.Debug|Any CPU.ActiveCfg = Debug|Any CPU
		{9937D40C-4C55-4F86-8CA8-C35E9EEE66C9}.Release|Any CPU.ActiveCfg = Release|Any CPU
	EndGlobalSection
	GlobalSection(SolutionProperties) = preSolution
		HideSolutionNode = FALSE
	EndGlobalSection
	GlobalSection(ExtensibilityGlobals) = postSolution
		SolutionGuid = {447CB050-EF35-4F4F-ACC0-451025EE6BA7}
	EndGlobalSection
EndGlobal
